
Microsoft Visual Studio Solution File, Format Version 12.00
# Visual Studio Version 17
VisualStudioVersion = 17.11.35303.130
MinimumVisualStudioVersion = 10.0.40219.1
Project("{FAE04EC0-301F-11D3-BF4B-00C04F79EFBC}") = "dethi02", "dethi02\dethi02.csproj", "{1F56545E-C4C5-40D4-8C0A-16E25B63742E}"
EndProject
Global
	GlobalSection(SolutionConfigurationPlatforms) = preSolution
		Debug|Any CPU = Debug|Any CPU
		Release|Any CPU = Release|Any CPU
	EndGlobalSection
	GlobalSection(ProjectConfigurationPlatforms) = postSolution
		{1F56545E-C4C5-40D4-8C0A-16E25B63742E}.Debug|Any CPU.ActiveCfg = Debug|Any CPU
		{1F56545E-C4C5-40D4-8C0A-16E25B63742E}.Debug|Any CPU.Build.0 = Debug|Any CPU
		{1F56545E-C4C5-40D4-8C0A-16E25B63742E}.Release|Any CPU.ActiveCfg = Release|Any CPU
		{1F56545E-C4C5-40D4-8C0A-16E25B63742E}.Release|Any CPU.Build.0 = Release|Any CPU
	EndGlobalSection
	GlobalSection(SolutionProperties) = preSolution
		HideSolutionNode = FALSE
	EndGlobalSection
	GlobalSection(ExtensibilityGlobals) = postSolution
		SolutionGuid = {2CFA9E77-6529-4048-B811-62B3AAFC0F6F}
	EndGlobalSection
EndGlobal
